
Microsoft Visual Studio Solution File, Format Version 12.00
# Visual Studio Version 17
VisualStudioVersion = 17.14.36203.30
MinimumVisualStudioVersion = 10.0.40219.1
Project("{FAE04EC0-301F-11D3-BF4B-00C04F79EFBC}") = "Kickoffa.API", "src\Kickoffa.API\Kickoffa.API.csproj", "{60B36CEE-E162-47B8-9031-A1C5C1020F3F}"
EndProject
Project("{FAE04EC0-301F-11D3-BF4B-00C04F79EFBC}") = "Kickoffa.API.Application", "src\Kickoffa.API.Application\Kickoffa.API.Application.csproj", "{C90B10DA-A2EC-457B-AE20-B390BDB86C80}"
EndProject
Project("{FAE04EC0-301F-11D3-BF4B-00C04F79EFBC}") = "Kickoffa.API.Domain", "src\Kickoffa.API.Domain\Kickoffa.API.Domain.csproj", "{7B5BB434-3311-4C94-A4BD-29F25A9CC724}"
EndProject
Project("{FAE04EC0-301F-11D3-BF4B-00C04F79EFBC}") = "Kickoffa.API.Contracts", "src\Kickoffa.API.Contracts\Kickoffa.API.Contracts.csproj", "{F21045DA-2C6E-4B7D-9647-43A6A52358B0}"
EndProject
Project("{FAE04EC0-301F-11D3-BF4B-00C04F79EFBC}") = "Kickoffa.API.Application.UnitTests", "tests\Kickoffa.API.Application.UnitTests\Kickoffa.API.Application.UnitTests.csproj", "{DCA6C229-F581-47D5-A245-86945C445BA8}"
EndProject
Project("{FAE04EC0-301F-11D3-BF4B-00C04F79EFBC}") = "Kickoffa.API.AspNet.Infrastructure", "src\Kickoffa.API.AspNet.Infrastructure\Kickoffa.API.AspNet.Infrastructure.csproj", "{1B12D946-59D7-4A6A-8288-11D3213E8C1F}"
EndProject
Project("{FAE04EC0-301F-11D3-BF4B-00C04F79EFBC}") = "Kickoffa.API.Data", "src\Kickoffa.API.Data\Kickoffa.API.Data.csproj", "{9AA4AF68-5DFA-484F-98BD-E3554ECDD76E}"
EndProject
Project("{2150E333-8FDC-42A3-9474-1A3956D46DE8}") = "tests", "tests", "{02EA681E-C7D8-13C7-8484-4AC65E1B71E8}"
EndProject
Project("{FAE04EC0-301F-11D3-BF4B-00C04F79EFBC}") = "Kickoffa.API.Data.UnitTests", "tests\Kickoffa.API.Data.UnitTests\Kickoffa.API.Data.UnitTests.csproj", "{90F30DAB-ED92-9985-5C74-1498E624F086}"
EndProject
Project("{FAE04EC0-301F-11D3-BF4B-00C04F79EFBC}") = "Kickoffa.API.Domain.UnitTests", "tests\Kickoffa.API.Domain.UnitTests\Kickoffa.API.Domain.UnitTests.csproj", "{CB173930-43A7-3CB1-1FBD-66E65D7E1E14}"
EndProject
Project("{FAE04EC0-301F-11D3-BF4B-00C04F79EFBC}") = "Kickoffa.API.Controllers.UnitTests", "tests\Kickoffa.API.Controllers.UnitTests\Kickoffa.API.Controllers.UnitTests.csproj", "{A1B2C3D4-E5F6-7890-ABCD-EF1234567890}"
EndProject
Project("{FAE04EC0-301F-11D3-BF4B-00C04F79EFBC}") = "Kickoffa.API.AspNet.Infrastructure.UnitTests", "tests\Kickoffa.API.AspNet.Infrastructure.UnitTests\Kickoffa.API.AspNet.Infrastructure.UnitTests.csproj", "{FFAE6CC8-B49C-431F-9AA0-890C88F1BB1F}"
EndProject
Project("{2150E333-8FDC-42A3-9474-1A3956D46DE8}") = "src", "src", "{AFB7DAD2-193D-46EB-98E3-2F37705AAAA9}"
EndProject
Project("{FAE04EC0-301F-11D3-BF4B-00C04F79EFBC}") = "Kickoffa.API.TestUtils", "tests\Kickoffa.API.TestUtils\Kickoffa.API.TestUtils.csproj", "{DC9C0DD3-1E8F-482E-8208-3198B9E83C5A}"
EndProject
Project("{FAE04EC0-301F-11D3-BF4B-00C04F79EFBC}") = "Kickoffa.API.Contracts.UnitTests", "tests\Kickoffa.API.Contracts.UnitTests\Kickoffa.API.Contracts.UnitTests.csproj", "{D2BB4A44-3A37-6559-D28E-27DBE91D264C}"
EndProject
Project("{FAE04EC0-301F-11D3-BF4B-00C04F79EFBC}") = "Kickoffa.API.Integration.Tests", "tests\Kickoffa.API.Integration.Tests\Kickoffa.API.Integration.Tests.csproj", "{7957B67C-8745-4C76-BA0F-EF76C1D9EB8A}"
EndProject
Global
	GlobalSection(SolutionConfigurationPlatforms) = preSolution
		Debug|Any CPU = Debug|Any CPU
		Release|Any CPU = Release|Any CPU
	EndGlobalSection
	GlobalSection(ProjectConfigurationPlatforms) = postSolution
		{60B36CEE-E162-47B8-9031-A1C5C1020F3F}.Debug|Any CPU.ActiveCfg = Debug|Any CPU
		{60B36CEE-E162-47B8-9031-A1C5C1020F3F}.Debug|Any CPU.Build.0 = Debug|Any CPU
		{60B36CEE-E162-47B8-9031-A1C5C1020F3F}.Release|Any CPU.ActiveCfg = Release|Any CPU
		{60B36CEE-E162-47B8-9031-A1C5C1020F3F}.Release|Any CPU.Build.0 = Release|Any CPU
		{C90B10DA-A2EC-457B-AE20-B390BDB86C80}.Debug|Any CPU.ActiveCfg = Debug|Any CPU
		{C90B10DA-A2EC-457B-AE20-B390BDB86C80}.Debug|Any CPU.Build.0 = Debug|Any CPU
		{C90B10DA-A2EC-457B-AE20-B390BDB86C80}.Release|Any CPU.ActiveCfg = Release|Any CPU
		{C90B10DA-A2EC-457B-AE20-B390BDB86C80}.Release|Any CPU.Build.0 = Release|Any CPU
		{7B5BB434-3311-4C94-A4BD-29F25A9CC724}.Debug|Any CPU.ActiveCfg = Debug|Any CPU
		{7B5BB434-3311-4C94-A4BD-29F25A9CC724}.Debug|Any CPU.Build.0 = Debug|Any CPU
		{7B5BB434-3311-4C94-A4BD-29F25A9CC724}.Release|Any CPU.ActiveCfg = Release|Any CPU
		{7B5BB434-3311-4C94-A4BD-29F25A9CC724}.Release|Any CPU.Build.0 = Release|Any CPU
		{F21045DA-2C6E-4B7D-9647-43A6A52358B0}.Debug|Any CPU.ActiveCfg = Debug|Any CPU
		{F21045DA-2C6E-4B7D-9647-43A6A52358B0}.Debug|Any CPU.Build.0 = Debug|Any CPU
		{F21045DA-2C6E-4B7D-9647-43A6A52358B0}.Release|Any CPU.ActiveCfg = Release|Any CPU
		{F21045DA-2C6E-4B7D-9647-43A6A52358B0}.Release|Any CPU.Build.0 = Release|Any CPU
		{DCA6C229-F581-47D5-A245-86945C445BA8}.Debug|Any CPU.ActiveCfg = Debug|Any CPU
		{DCA6C229-F581-47D5-A245-86945C445BA8}.Debug|Any CPU.Build.0 = Debug|Any CPU
		{DCA6C229-F581-47D5-A245-86945C445BA8}.Release|Any CPU.ActiveCfg = Release|Any CPU
		{DCA6C229-F581-47D5-A245-86945C445BA8}.Release|Any CPU.Build.0 = Release|Any CPU
		{1B12D946-59D7-4A6A-8288-11D3213E8C1F}.Debug|Any CPU.ActiveCfg = Debug|Any CPU
		{1B12D946-59D7-4A6A-8288-11D3213E8C1F}.Debug|Any CPU.Build.0 = Debug|Any CPU
		{1B12D946-59D7-4A6A-8288-11D3213E8C1F}.Release|Any CPU.ActiveCfg = Release|Any CPU
		{1B12D946-59D7-4A6A-8288-11D3213E8C1F}.Release|Any CPU.Build.0 = Release|Any CPU
		{9AA4AF68-5DFA-484F-98BD-E3554ECDD76E}.Debug|Any CPU.ActiveCfg = Debug|Any CPU
		{9AA4AF68-5DFA-484F-98BD-E3554ECDD76E}.Debug|Any CPU.Build.0 = Debug|Any CPU
		{9AA4AF68-5DFA-484F-98BD-E3554ECDD76E}.Release|Any CPU.ActiveCfg = Release|Any CPU
		{9AA4AF68-5DFA-484F-98BD-E3554ECDD76E}.Release|Any CPU.Build.0 = Release|Any CPU
		{90F30DAB-ED92-9985-5C74-1498E624F086}.Debug|Any CPU.ActiveCfg = Debug|Any CPU
		{90F30DAB-ED92-9985-5C74-1498E624F086}.Debug|Any CPU.Build.0 = Debug|Any CPU
		{90F30DAB-ED92-9985-5C74-1498E624F086}.Release|Any CPU.ActiveCfg = Release|Any CPU
		{90F30DAB-ED92-9985-5C74-1498E624F086}.Release|Any CPU.Build.0 = Release|Any CPU
		{CB173930-43A7-3CB1-1FBD-66E65D7E1E14}.Debug|Any CPU.ActiveCfg = Debug|Any CPU
		{CB173930-43A7-3CB1-1FBD-66E65D7E1E14}.Debug|Any CPU.Build.0 = Debug|Any CPU
		{CB173930-43A7-3CB1-1FBD-66E65D7E1E14}.Release|Any CPU.ActiveCfg = Release|Any CPU
		{CB173930-43A7-3CB1-1FBD-66E65D7E1E14}.Release|Any CPU.Build.0 = Release|Any CPU
		{A1B2C3D4-E5F6-7890-ABCD-EF1234567890}.Debug|Any CPU.ActiveCfg = Debug|Any CPU
		{A1B2C3D4-E5F6-7890-ABCD-EF1234567890}.Debug|Any CPU.Build.0 = Debug|Any CPU
		{A1B2C3D4-E5F6-7890-ABCD-EF1234567890}.Release|Any CPU.ActiveCfg = Release|Any CPU
		{A1B2C3D4-E5F6-7890-ABCD-EF1234567890}.Release|Any CPU.Build.0 = Release|Any CPU
		{FFAE6CC8-B49C-431F-9AA0-890C88F1BB1F}.Debug|Any CPU.ActiveCfg = Debug|Any CPU
		{FFAE6CC8-B49C-431F-9AA0-890C88F1BB1F}.Debug|Any CPU.Build.0 = Debug|Any CPU
		{FFAE6CC8-B49C-431F-9AA0-890C88F1BB1F}.Release|Any CPU.ActiveCfg = Release|Any CPU
		{FFAE6CC8-B49C-431F-9AA0-890C88F1BB1F}.Release|Any CPU.Build.0 = Release|Any CPU
		{DC9C0DD3-1E8F-482E-8208-3198B9E83C5A}.Debug|Any CPU.ActiveCfg = Debug|Any CPU
		{DC9C0DD3-1E8F-482E-8208-3198B9E83C5A}.Debug|Any CPU.Build.0 = Debug|Any CPU
		{DC9C0DD3-1E8F-482E-8208-3198B9E83C5A}.Release|Any CPU.ActiveCfg = Release|Any CPU
		{DC9C0DD3-1E8F-482E-8208-3198B9E83C5A}.Release|Any CPU.Build.0 = Release|Any CPU
		{D2BB4A44-3A37-6559-D28E-27DBE91D264C}.Debug|Any CPU.ActiveCfg = Debug|Any CPU
		{D2BB4A44-3A37-6559-D28E-27DBE91D264C}.Debug|Any CPU.Build.0 = Debug|Any CPU
		{D2BB4A44-3A37-6559-D28E-27DBE91D264C}.Release|Any CPU.ActiveCfg = Release|Any CPU
		{D2BB4A44-3A37-6559-D28E-27DBE91D264C}.Release|Any CPU.Build.0 = Release|Any CPU
		{7957B67C-8745-4C76-BA0F-EF76C1D9EB8A}.Debug|Any CPU.ActiveCfg = Debug|Any CPU
		{7957B67C-8745-4C76-BA0F-EF76C1D9EB8A}.Debug|Any CPU.Build.0 = Debug|Any CPU
		{7957B67C-8745-4C76-BA0F-EF76C1D9EB8A}.Release|Any CPU.ActiveCfg = Release|Any CPU
		{7957B67C-8745-4C76-BA0F-EF76C1D9EB8A}.Release|Any CPU.Build.0 = Release|Any CPU
	EndGlobalSection
	GlobalSection(SolutionProperties) = preSolution
		HideSolutionNode = FALSE
	EndGlobalSection
	GlobalSection(NestedProjects) = preSolution
		{60B36CEE-E162-47B8-9031-A1C5C1020F3F} = {AFB7DAD2-193D-46EB-98E3-2F37705AAAA9}
		{C90B10DA-A2EC-457B-AE20-B390BDB86C80} = {AFB7DAD2-193D-46EB-98E3-2F37705AAAA9}
		{7B5BB434-3311-4C94-A4BD-29F25A9CC724} = {AFB7DAD2-193D-46EB-98E3-2F37705AAAA9}
		{F21045DA-2C6E-4B7D-9647-43A6A52358B0} = {AFB7DAD2-193D-46EB-98E3-2F37705AAAA9}
		{DCA6C229-F581-47D5-A245-86945C445BA8} = {02EA681E-C7D8-13C7-8484-4AC65E1B71E8}
		{1B12D946-59D7-4A6A-8288-11D3213E8C1F} = {AFB7DAD2-193D-46EB-98E3-2F37705AAAA9}
		{9AA4AF68-5DFA-484F-98BD-E3554ECDD76E} = {AFB7DAD2-193D-46EB-98E3-2F37705AAAA9}
		{90F30DAB-ED92-9985-5C74-1498E624F086} = {02EA681E-C7D8-13C7-8484-4AC65E1B71E8}
		{CB173930-43A7-3CB1-1FBD-66E65D7E1E14} = {02EA681E-C7D8-13C7-8484-4AC65E1B71E8}
		{A1B2C3D4-E5F6-7890-ABCD-EF1234567890} = {02EA681E-C7D8-13C7-8484-4AC65E1B71E8}
		{FFAE6CC8-B49C-431F-9AA0-890C88F1BB1F} = {02EA681E-C7D8-13C7-8484-4AC65E1B71E8}
		{DC9C0DD3-1E8F-482E-8208-3198B9E83C5A} = {02EA681E-C7D8-13C7-8484-4AC65E1B71E8}
		{D2BB4A44-3A37-6559-D28E-27DBE91D264C} = {02EA681E-C7D8-13C7-8484-4AC65E1B71E8}
		{7957B67C-8745-4C76-BA0F-EF76C1D9EB8A} = {02EA681E-C7D8-13C7-8484-4AC65E1B71E8}
	EndGlobalSection
	GlobalSection(ExtensibilityGlobals) = postSolution
		SolutionGuid = {A7C5E792-C2F9-4555-B6F4-C96CFFD01B6A}
	EndGlobalSection
EndGlobal
